
Microsoft Visual Studio Solution File, Format Version 12.00
# Visual Studio 15
VisualStudioVersion = 15.0.28307.539
MinimumVisualStudioVersion = 10.0.40219.1
Project("{FAE04EC0-301F-11D3-BF4B-00C04F79EFBC}") = "JsGameTest", "JsGameTest\JsGameTest.csproj", "{D444B2E8-70C6-460D-B24E-9F8FE385AA86}"
EndProject
Global
	GlobalSection(SolutionConfigurationPlatforms) = preSolution
		Debug|Any CPU = Debug|Any CPU
		Release|Any CPU = Release|Any CPU
	EndGlobalSection
	GlobalSection(ProjectConfigurationPlatforms) = postSolution
		{D444B2E8-70C6-460D-B24E-9F8FE385AA86}.Debug|Any CPU.ActiveCfg = Debug|Any CPU
		{D444B2E8-70C6-460D-B24E-9F8FE385AA86}.Debug|Any CPU.Build.0 = Debug|Any CPU
		{D444B2E8-70C6-460D-B24E-9F8FE385AA86}.Release|Any CPU.ActiveCfg = Release|Any CPU
		{D444B2E8-70C6-460D-B24E-9F8FE385AA86}.Release|Any CPU.Build.0 = Release|Any CPU
	EndGlobalSection
	GlobalSection(SolutionProperties) = preSolution
		HideSolutionNode = FALSE
	EndGlobalSection
	GlobalSection(ExtensibilityGlobals) = postSolution
		SolutionGuid = {4BD1CB4F-F876-417D-ADC9-CEB180722D0E}
	EndGlobalSection
EndGlobal
